
Microsoft Visual Studio Solution File, Format Version 12.00
# Visual Studio Version 17
VisualStudioVersion = 17.5.33424.131
MinimumVisualStudioVersion = 10.0.40219.1
Project("{FAE04EC0-301F-11D3-BF4B-00C04F79EFBC}") = "MyCompanyApi", "Company\MyCompanyApi.csproj", "{229B233F-296F-47CD-806D-F650E955237B}"
EndProject
Project("{FAE04EC0-301F-11D3-BF4B-00C04F79EFBC}") = "MyCompanyServices", "MyCompanyServices\MyCompanyServices.csproj", "{2F2CFFD2-8841-483F-8472-F482972E3071}"
EndProject
Project("{FAE04EC0-301F-11D3-BF4B-00C04F79EFBC}") = "MycompanyRepository", "MycompanyRepository\MycompanyRepository.csproj", "{0D203073-0192-4132-9F29-8BD4A56DC785}"
EndProject
Project("{FAE04EC0-301F-11D3-BF4B-00C04F79EFBC}") = "MyCompanyUnitTests", "MyCompanyUnitTests\MyCompanyUnitTests.csproj", "{7ECEF097-8314-43A5-AD9B-23435ABD50DB}"
EndProject
Global
	GlobalSection(SolutionConfigurationPlatforms) = preSolution
		Debug|Any CPU = Debug|Any CPU
		Release|Any CPU = Release|Any CPU
	EndGlobalSection
	GlobalSection(ProjectConfigurationPlatforms) = postSolution
		{229B233F-296F-47CD-806D-F650E955237B}.Debug|Any CPU.ActiveCfg = Debug|Any CPU
		{229B233F-296F-47CD-806D-F650E955237B}.Debug|Any CPU.Build.0 = Debug|Any CPU
		{229B233F-296F-47CD-806D-F650E955237B}.Release|Any CPU.ActiveCfg = Release|Any CPU
		{229B233F-296F-47CD-806D-F650E955237B}.Release|Any CPU.Build.0 = Release|Any CPU
		{2F2CFFD2-8841-483F-8472-F482972E3071}.Debug|Any CPU.ActiveCfg = Debug|Any CPU
		{2F2CFFD2-8841-483F-8472-F482972E3071}.Debug|Any CPU.Build.0 = Debug|Any CPU
		{2F2CFFD2-8841-483F-8472-F482972E3071}.Release|Any CPU.ActiveCfg = Release|Any CPU
		{2F2CFFD2-8841-483F-8472-F482972E3071}.Release|Any CPU.Build.0 = Release|Any CPU
		{0D203073-0192-4132-9F29-8BD4A56DC785}.Debug|Any CPU.ActiveCfg = Debug|Any CPU
		{0D203073-0192-4132-9F29-8BD4A56DC785}.Debug|Any CPU.Build.0 = Debug|Any CPU
		{0D203073-0192-4132-9F29-8BD4A56DC785}.Release|Any CPU.ActiveCfg = Release|Any CPU
		{0D203073-0192-4132-9F29-8BD4A56DC785}.Release|Any CPU.Build.0 = Release|Any CPU
		{7ECEF097-8314-43A5-AD9B-23435ABD50DB}.Debug|Any CPU.ActiveCfg = Debug|Any CPU
		{7ECEF097-8314-43A5-AD9B-23435ABD50DB}.Debug|Any CPU.Build.0 = Debug|Any CPU
		{7ECEF097-8314-43A5-AD9B-23435ABD50DB}.Release|Any CPU.ActiveCfg = Release|Any CPU
		{7ECEF097-8314-43A5-AD9B-23435ABD50DB}.Release|Any CPU.Build.0 = Release|Any CPU
	EndGlobalSection
	GlobalSection(SolutionProperties) = preSolution
		HideSolutionNode = FALSE
	EndGlobalSection
	GlobalSection(ExtensibilityGlobals) = postSolution
		SolutionGuid = {466DE3E8-BC85-4435-A522-54C0FEBF6CBE}
	EndGlobalSection
EndGlobal
